PODS:
  - AAHUD (1.0.2):
    - MBProgressHUD
  - MBProgressHUD (1.1.0)

DEPENDENCIES:
  - AAHUD (from `../`)

SPEC REPOS:
  trunk:
    - MBProgressHUD

EXTERNAL SOURCES:
  AAHUD:
    :path: "../"

SPEC CHECKSUMS:
  AAHUD: 2510f697f4e56bdbcc68c22dcf168af314b26715
  MBProgressHUD: e7baa36a220447d8aeb12769bf0585582f3866d9

PODFILE CHECKSUM: 746beb28da12d2928c14c024a8892c62cdbbbd20

COCOAPODS: 1.8.3
